
Microsoft Visual Studio Solution File, Format Version 12.00
# Visual Studio Version 17
VisualStudioVersion = 17.6.33829.357
MinimumVisualStudioVersion = 10.0.40219.1
Project("{FAE04EC0-301F-11D3-BF4B-00C04F79EFBC}") = "ProtobufnetNestedSurrogateIssueDemo", "ProtobufnetNestedSurrogateIssueDemo.csproj", "{8656FF31-4F5D-4A20-AD06-FB68358D7CB2}"
EndProject
Global
	GlobalSection(SolutionConfigurationPlatforms) = preSolution
		Debug|Any CPU = Debug|Any CPU
		Release|Any CPU = Release|Any CPU
	EndGlobalSection
	GlobalSection(ProjectConfigurationPlatforms) = postSolution
		{8656FF31-4F5D-4A20-AD06-FB68358D7CB2}.Debug|Any CPU.ActiveCfg = Debug|Any CPU
		{8656FF31-4F5D-4A20-AD06-FB68358D7CB2}.Debug|Any CPU.Build.0 = Debug|Any CPU
		{8656FF31-4F5D-4A20-AD06-FB68358D7CB2}.Release|Any CPU.ActiveCfg = Release|Any CPU
		{8656FF31-4F5D-4A20-AD06-FB68358D7CB2}.Release|Any CPU.Build.0 = Release|Any CPU
	EndGlobalSection
	GlobalSection(SolutionProperties) = preSolution
		HideSolutionNode = FALSE
	EndGlobalSection
	GlobalSection(ExtensibilityGlobals) = postSolution
		SolutionGuid = {21A079FE-69BF-402E-83B0-131F7065FA05}
	EndGlobalSection
EndGlobal
